Microsoft Visual Studio Solution File, Format Version 11.00
# Visual Studio 2008

Project("{D8406143-738C-DCF8-93C0-58D3E7238AA5}") = "GEA-Rapid-Prototype", "Assembly-CSharp.csproj", "{E87A5784-0D48-F39F-0A0C-A7EDED4A8B89}"
EndProject
Global
	GlobalSection(SolutionConfigurationPlatforms) = preSolution
		Debug|Any CPU = Debug|Any CPU
		Release|Any CPU = Release|Any CPU
	EndGlobalSection
	GlobalSection(ProjectConfigurationPlatforms) = postSolution
		{E87A5784-0D48-F39F-0A0C-A7EDED4A8B89}.Debug|Any CPU.ActiveCfg = Debug|Any CPU
		{E87A5784-0D48-F39F-0A0C-A7EDED4A8B89}.Debug|Any CPU.Build.0 = Debug|Any CPU
		{E87A5784-0D48-F39F-0A0C-A7EDED4A8B89}.Release|Any CPU.ActiveCfg = Release|Any CPU
		{E87A5784-0D48-F39F-0A0C-A7EDED4A8B89}.Release|Any CPU.Build.0 = Release|Any CPU
	EndGlobalSection
	GlobalSection(SolutionProperties) = preSolution
		HideSolutionNode = FALSE
	EndGlobalSection
	GlobalSection(MonoDevelopProperties) = preSolution
		StartupItem = Assembly-CSharp.csproj
	EndGlobalSection
EndGlobal
